
Microsoft Visual Studio Solution File, Format Version 12.00
Project("{FAE04EC0-301F-11D3-BF4B-00C04F79EFBC}") = "SendEnvios", "SendEnvios.csproj", "{DA37296A-CF42-44E7-BA79-967D4B9BBB3D}"
EndProject
Global
	GlobalSection(SolutionConfigurationPlatforms) = preSolution
		Debug|Any CPU = Debug|Any CPU
		Release|Any CPU = Release|Any CPU
	EndGlobalSection
	GlobalSection(ProjectConfigurationPlatforms) = postSolution
		{DA37296A-CF42-44E7-BA79-967D4B9BBB3D}.Debug|Any CPU.ActiveCfg = Debug|Any CPU
		{DA37296A-CF42-44E7-BA79-967D4B9BBB3D}.Debug|Any CPU.Build.0 = Debug|Any CPU
		{DA37296A-CF42-44E7-BA79-967D4B9BBB3D}.Release|Any CPU.ActiveCfg = Release|Any CPU
		{DA37296A-CF42-44E7-BA79-967D4B9BBB3D}.Release|Any CPU.Build.0 = Release|Any CPU
	EndGlobalSection
EndGlobal
